
Microsoft Visual Studio Solution File, Format Version 12.00
# Visual Studio Version 16
VisualStudioVersion = 16.0.29020.237
MinimumVisualStudioVersion = 10.0.40219.1
Project("{FAE04EC0-301F-11D3-BF4B-00C04F79EFBC}") = "Lab3", "Lab3\Lab3.csproj", "{CCE48314-CEE3-4027-9DA1-07EB95691E2C}"
EndProject
Global
	GlobalSection(SolutionConfigurationPlatforms) = preSolution
		Debug|Any CPU = Debug|Any CPU
		Release|Any CPU = Release|Any CPU
	EndGlobalSection
	GlobalSection(ProjectConfigurationPlatforms) = postSolution
		{CCE48314-CEE3-4027-9DA1-07EB95691E2C}.Debug|Any CPU.ActiveCfg = Debug|Any CPU
		{CCE48314-CEE3-4027-9DA1-07EB95691E2C}.Debug|Any CPU.Build.0 = Debug|Any CPU
		{CCE48314-CEE3-4027-9DA1-07EB95691E2C}.Release|Any CPU.ActiveCfg = Release|Any CPU
		{CCE48314-CEE3-4027-9DA1-07EB95691E2C}.Release|Any CPU.Build.0 = Release|Any CPU
	EndGlobalSection
	GlobalSection(SolutionProperties) = preSolution
		HideSolutionNode = FALSE
	EndGlobalSection
	GlobalSection(ExtensibilityGlobals) = postSolution
		SolutionGuid = {007963F9-B724-45B5-8139-0EA0474E820F}
	EndGlobalSection
EndGlobal
